github.com/Adrephos/top-down v0.0.0-20230517035515-b26ce0f75dc5 h1:CFTjTvVeXmeCEgoXyVWOoWbCWpHraGUzz7BjTrze4Rg=
github.com/Adrephos/top-down v0.0.0-20230517035515-b26ce0f75dc5/go.mod h1:+UHFGRS7LZ47j+snGPWhNz9mwqu8/cWlkONnHHLfQZY=
k8s.io/apimachinery v0.27.0 h1:vEyy/PVMbPMCPutrssCVHCf0JNZ0Px+YqPi82K2ALlk=
k8s.io/apimachinery v0.27.0/go.mod h1:5ikh59fK3AJ287GUvpUsryoMFtH9zj/ARfWCo3AyXTM=
